
Microsoft Visual Studio Solution File, Format Version 12.00
# Visual Studio Version 17
VisualStudioVersion = 17.10.35013.160
MinimumVisualStudioVersion = 10.0.40219.1
Project("{FAE04EC0-301F-11D3-BF4B-00C04F79EFBC}") = "FGIS_Arshin", "FGIS_Arshin.csproj", "{729817CB-29DE-49B9-8453-534A93A982DD}"
EndProject
Global
	GlobalSection(SolutionConfigurationPlatforms) = preSolution
		Debug|Any CPU = Debug|Any CPU
		Release|Any CPU = Release|Any CPU
	EndGlobalSection
	GlobalSection(ProjectConfigurationPlatforms) = postSolution
		{729817CB-29DE-49B9-8453-534A93A982DD}.Debug|Any CPU.ActiveCfg = Debug|Any CPU
		{729817CB-29DE-49B9-8453-534A93A982DD}.Debug|Any CPU.Build.0 = Debug|Any CPU
		{729817CB-29DE-49B9-8453-534A93A982DD}.Release|Any CPU.ActiveCfg = Release|Any CPU
		{729817CB-29DE-49B9-8453-534A93A982DD}.Release|Any CPU.Build.0 = Release|Any CPU
	EndGlobalSection
	GlobalSection(SolutionProperties) = preSolution
		HideSolutionNode = FALSE
	EndGlobalSection
	GlobalSection(ExtensibilityGlobals) = postSolution
		SolutionGuid = {0939723A-52F6-4B03-BF83-86BB269A9A1D}
	EndGlobalSection
EndGlobal
